
Microsoft Visual Studio Solution File, Format Version 12.00
# Visual Studio Version 16
VisualStudioVersion = 16.0.31702.278
MinimumVisualStudioVersion = 10.0.40219.1
Project("{FAE04EC0-301F-11D3-BF4B-00C04F79EFBC}") = "Homework12T1", "Homework12T1.csproj", "{45EA7682-BA6C-49EF-B632-C1D2FFC5A491}"
EndProject
Global
	GlobalSection(SolutionConfigurationPlatforms) = preSolution
		Debug|Any CPU = Debug|Any CPU
		Release|Any CPU = Release|Any CPU
	EndGlobalSection
	GlobalSection(ProjectConfigurationPlatforms) = postSolution
		{45EA7682-BA6C-49EF-B632-C1D2FFC5A491}.Debug|Any CPU.ActiveCfg = Debug|Any CPU
		{45EA7682-BA6C-49EF-B632-C1D2FFC5A491}.Debug|Any CPU.Build.0 = Debug|Any CPU
		{45EA7682-BA6C-49EF-B632-C1D2FFC5A491}.Release|Any CPU.ActiveCfg = Release|Any CPU
		{45EA7682-BA6C-49EF-B632-C1D2FFC5A491}.Release|Any CPU.Build.0 = Release|Any CPU
	EndGlobalSection
	GlobalSection(SolutionProperties) = preSolution
		HideSolutionNode = FALSE
	EndGlobalSection
	GlobalSection(ExtensibilityGlobals) = postSolution
		SolutionGuid = {3089B428-13F3-4A28-94A9-CB1FE0997FDC}
	EndGlobalSection
EndGlobal
